// !$*UTF8*$!
{
	archiveVersion = 1;
	classes = {
	};
	objectVersion = 50;
	objects = {

/* Begin PBXBuildFile section */
		91682F5F2378CC8A00611DAA /* Pokemon.swift in Sources */ = {isa = PBXBuildFile; fileRef = 91682F5E2378CC8A00611DAA /* Pokemon.swift */; };
		91682F632378D2AD00611DAA /* PokemonController.swift in Sources */ = {isa = PBXBuildFile; fileRef = 91682F622378D2AD00611DAA /* PokemonController.swift */; };
		91682F652378D3E600611DAA /* PokemonDetailViewController.swift in Sources */ = {isa = PBXBuildFile; fileRef = 91682F642378D3E600611DAA /* PokemonDetailViewController.swift */; };
		91682F672378D3FC00611DAA /* PokemonTableViewController.swift in Sources */ = {isa = PBXBuildFile; fileRef = 91682F662378D3FC00611DAA /* PokemonTableViewController.swift */; };
		91D464162376574700173DB5 /* AppDelegate.swift in Sources */ = {isa = PBXBuildFile; fileRef = 91D464152376574700173DB5 /* AppDelegate.swift */; };
		91D464182376574700173DB5 /* SceneDelegate.swift in Sources */ = {isa = PBXBuildFile; fileRef = 91D464172376574700173DB5 /* SceneDelegate.swift */; };
		91D4641D2376574700173DB5 /* Main.storyboard in Resources */ = {isa = PBXBuildFile; fileRef = 91D4641B2376574700173DB5 /* Main.storyboard */; };
		91D4641F2376574900173DB5 /* Assets.xcassets in Resources */ = {isa = PBXBuildFile; fileRef = 91D4641E2376574900173DB5 /* Assets.xcassets */; };
		91D464222376574900173DB5 /* LaunchScreen.storyboard in Resources */ = {isa = PBXBuildFile; fileRef = 91D464202376574900173DB5 /* LaunchScreen.storyboard */; };
/* End PBXBuildFile section */

/* Begin PBXFileReference section */
		91682F5E2378CC8A00611DAA /* Pokemon.swift */ = {isa = PBXFileReference; lastKnownFileType = sourcecode.swift; path = Pokemon.swift; sourceTree = "<group>"; };
		91682F622378D2AD00611DAA /* PokemonController.swift */ = {isa = PBXFileReference; lastKnownFileType = sourcecode.swift; path = PokemonController.swift; sourceTree = "<group>"; };
		91682F642378D3E600611DAA /* PokemonDetailViewController.swift */ = {isa = PBXFileReference; lastKnownFileType = sourcecode.swift; path = PokemonDetailViewController.swift; sourceTree = "<group>"; };
		91682F662378D3FC00611DAA /* PokemonTableViewController.swift */ = {isa = PBXFileReference; lastKnownFileType = sourcecode.swift; path = PokemonTableViewController.swift; sourceTree = "<group>"; };
		91D464122376574700173DB5 /* Pokedex.app */ = {isa = PBXFileReference; explicitFileType = wrapper.application; includeInIndex = 0; path = Pokedex.app; sourceTree = BUILT_PRODUCTS_DIR; };
		91D464152376574700173DB5 /* AppDelegate.swift */ = {isa = PBXFileReference; lastKnownFileType = sourcecode.swift; path = AppDelegate.swift; sourceTree = "<group>"; };
		91D464172376574700173DB5 /* SceneDelegate.swift */ = {isa = PBXFileReference; lastKnownFileType = sourcecode.swift; path = SceneDelegate.swift; sourceTree = "<group>"; };
		91D4641C2376574700173DB5 /* Base */ = {isa = PBXFileReference; lastKnownFileType = file.storyboard; name = Base; path = Base.lproj/Main.storyboard; sourceTree = "<group>"; };
		91D4641E2376574900173DB5 /* Assets.xcassets */ = {isa = PBXFileReference; lastKnownFileType = folder.assetcatalog; path = Assets.xcassets; sourceTree = "<group>"; };
		91D464212376574900173DB5 /* Base */ = {isa = PBXFileReference; lastKnownFileType = file.storyboard; name = Base; path = Base.lproj/LaunchScreen.storyboard; sourceTree = "<group>"; };
		91D464232376574900173DB5 /* Info.plist */ = {isa = PBXFileReference; lastKnownFileType = text.plist.xml; path = Info.plist; sourceTree = "<group>"; };
/* End PBXFileReference section */

/* Begin PBXFrameworksBuildPhase section */
		91D4640F2376574700173DB5 /* Frameworks */ = {
			isa = PBXFrameworksBuildPhase;
			buildActionMask = 2147483647;
			files = (
			);
			runOnlyForDeploymentPostprocessing = 0;
		};
/* End PBXFrameworksBuildPhase section */

/* Begin PBXGroup section */
		91682F5D2378CC6B00611DAA /* Models */ = {
			isa = PBXGroup;
			children = (
				91682F5E2378CC8A00611DAA /* Pokemon.swift */,
			);
			path = Models;
			sourceTree = "<group>";
		};
		91682F602378D27200611DAA /* Controllers */ = {
			isa = PBXGroup;
			children = (
				91682F622378D2AD00611DAA /* PokemonController.swift */,
				91682F662378D3FC00611DAA /* PokemonTableViewController.swift */,
				91682F642378D3E600611DAA /* PokemonDetailViewController.swift */,
			);
			path = Controllers;
			sourceTree = "<group>";
		};
		91682F612378D27F00611DAA /* View */ = {
			isa = PBXGroup;
			children = (
			);
			path = View;
			sourceTree = "<group>";
		};
		91D464092376574700173DB5 = {
			isa = PBXGroup;
			children = (
				91D464142376574700173DB5 /* Pokedex */,
				91D464132376574700173DB5 /* Products */,
			);
			sourceTree = "<group>";
		};
		91D464132376574700173DB5 /* Products */ = {
			isa = PBXGroup;
			children = (
				91D464122376574700173DB5 /* Pokedex.app */,
			);
			name = Products;
			sourceTree = "<group>";
		};
		91D464142376574700173DB5 /* Pokedex */ = {
			isa = PBXGroup;
			children = (
				91682F612378D27F00611DAA /* View */,
				91682F602378D27200611DAA /* Controllers */,
				91682F5D2378CC6B00611DAA /* Models */,
				91D464232376574900173DB5 /* Info.plist */,
				91D46429237672A700173DB5 /* Application */,
				91D4642A237672CB00173DB5 /* Storyboard */,
			);
			path = Pokedex;
			sourceTree = "<group>";
		};
		91D46429237672A700173DB5 /* Application */ = {
			isa = PBXGroup;
			children = (
				91D464152376574700173DB5 /* AppDelegate.swift */,
				91D464172376574700173DB5 /* SceneDelegate.swift */,
				91D4641E2376574900173DB5 /* Assets.xcassets */,
			);
			path = Application;
			sourceTree = "<group>";
		};
		91D4642A237672CB00173DB5 /* Storyboard */ = {
			isa = PBXGroup;
			children = (
				91D4641B2376574700173DB5 /* Main.storyboard */,
				91D464202376574900173DB5 /* LaunchScreen.storyboard */,
			);
			path = Storyboard;
			sourceTree = "<group>";
		};
/* End PBXGroup section */

/* Begin PBXNativeTarget section */
		91D464112376574700173DB5 /* Pokedex */ = {
			isa = PBXNativeTarget;
			buildConfigurationList = 91D464262376574900173DB5 /* Build configuration list for PBXNativeTarget "Pokedex" */;
			buildPhases = (
				91D4640E2376574700173DB5 /* Sources */,
				91D4640F2376574700173DB5 /* Frameworks */,
				91D464102376574700173DB5 /* Resources */,
			);
			buildRules = (
			);
			dependencies = (
			);
			name = Pokedex;
			productName = Pokedex;
			productReference = 91D464122376574700173DB5 /* Pokedex.app */;
			productType = "com.apple.product-type.application";
		};
/* End PBXNativeTarget section */

/* Begin PBXProject section */
		91D4640A2376574700173DB5 /* Project object */ = {
			isa = PBXProject;
			attributes = {
				LastSwiftUpdateCheck = 1120;
				LastUpgradeCheck = 1120;
				ORGANIZATIONNAME = "Blake Andrew Price";
				TargetAttributes = {
					91D464112376574700173DB5 = {
						CreatedOnToolsVersion = 11.2;
					};
				};
			};
			buildConfigurationList = 91D4640D2376574700173DB5 /* Build configuration list for PBXProject "Pokedex" */;
			compatibilityVersion = "Xcode 9.3";
			developmentRegion = en;
			hasScannedForEncodings = 0;
			knownRegions = (
				en,
				Base,
			);
			mainGroup = 91D464092376574700173DB5;
			productRefGroup = 91D464132376574700173DB5 /* Products */;
			projectDirPath = "";
			projectRoot = "";
			targets = (
				91D464112376574700173DB5 /* Pokedex */,
			);
		};
/* End PBXProject section */

/* Begin PBXResourcesBuildPhase section */
		91D464102376574700173DB5 /* Resources */ = {
			isa = PBXResourcesBuildPhase;
			buildActionMask = 2147483647;
			files = (
				91D464222376574900173DB5 /* LaunchScreen.storyboard in Resources */,
				91D4641F2376574900173DB5 /* Assets.xcassets in Resources */,
				91D4641D2376574700173DB5 /* Main.storyboard in Resources */,
			);
			runOnlyForDeploymentPostprocessing = 0;
		};
/* End PBXResourcesBuildPhase section */

/* Begin PBXSourcesBuildPhase section */
		91D4640E2376574700173DB5 /* Sources */ = {
			isa = PBXSourcesBuildPhase;
			buildActionMask = 2147483647;
			files = (
				91682F672378D3FC00611DAA /* PokemonTableViewController.swift in Sources */,
				91D464162376574700173DB5 /* AppDelegate.swift in Sources */,
				91D464182376574700173DB5 /* SceneDelegate.swift in Sources */,
				91682F652378D3E600611DAA /* PokemonDetailViewController.swift in Sources */,
				91682F5F2378CC8A00611DAA /* Pokemon.swift in Sources */,
				91682F632378D2AD00611DAA /* PokemonController.swift in Sources */,
			);
			runOnlyForDeploymentPostprocessing = 0;
		};
/* End PBXSourcesBuildPhase section */

/* Begin PBXVariantGroup section */
		91D4641B2376574700173DB5 /* Main.storyboard */ = {
			isa = PBXVariantGroup;
			children = (
				91D4641C2376574700173DB5 /* Base */,
			);
			name = Main.storyboard;
			sourceTree = "<group>";
		};
		91D464202376574900173DB5 /* LaunchScreen.storyboard */ = {
			isa = PBXVariantGroup;
			children = (
				91D464212376574900173DB5 /* Base */,
			);
			name = LaunchScreen.storyboard;
			sourceTree = "<group>";
		};
/* End PBXVariantGroup section */

/* Begin XCBuildConfiguration section */
		91D464242376574900173DB5 /* Debug */ = {
			isa = XCBuildConfiguration;
			buildSettings = {
				ALWAYS_SEARCH_USER_PATHS = NO;
				CLANG_ANALYZER_NONNULL = YES;
				CLANG_ANALYZER_NUMBER_OBJECT_CONVERSION = YES_AGGRESSIVE;
				CLANG_CXX_LANGUAGE_STANDARD = "gnu++14";
				CLANG_CXX_LIBRARY = "libc++";
				CLANG_ENABLE_MODULES = YES;
				CLANG_ENABLE_OBJC_ARC = YES;
				CLANG_ENABLE_OBJC_WEAK = YES;
				CLANG_WARN_BLOCK_CAPTURE_AUTORELEASING = YES;
				CLANG_WARN_BOOL_CONVERSION = YES;
				CLANG_WARN_COMMA = YES;
				CLANG_WARN_CONSTANT_CONVERSION = YES;
				CLANG_WARN_DEPRECATED_OBJC_IMPLEMENTATIONS = YES;
				CLANG_WARN_DIRECT_OBJC_ISA_USAGE = YES_ERROR;
				CLANG_WARN_DOCUMENTATION_COMMENTS = YES;
				CLANG_WARN_EMPTY_BODY = YES;
				CLANG_WARN_ENUM_CONVERSION = YES;
				CLANG_WARN_INFINITE_RECURSION = YES;
				CLANG_WARN_INT_CONVERSION = YES;
				CLANG_WARN_NON_LITERAL_NULL_CONVERSION = YES;
				CLANG_WARN_OBJC_IMPLICIT_RETAIN_SELF = YES;
				CLANG_WARN_OBJC_LITERAL_CONVERSION = YES;
				CLANG_WARN_OBJC_ROOT_CLASS = YES_ERROR;
				CLANG_WARN_RANGE_LOOP_ANALYSIS = YES;
				CLANG_WARN_STRICT_PROTOTYPES = YES;
				CLANG_WARN_SUSPICIOUS_MOVE = YES;
				CLANG_WARN_UNGUARDED_AVAILABILITY = YES_AGGRESSIVE;
				CLANG_WARN_UNREACHABLE_CODE = YES;
				CLANG_WARN__DUPLICATE_METHOD_MATCH = YES;
				COPY_PHASE_STRIP = NO;
				DEBUG_INFORMATION_FORMAT = dwarf;
				ENABLE_STRICT_OBJC_MSGSEND = YES;
				ENABLE_TESTABILITY = YES;
				GCC_C_LANGUAGE_STANDARD = gnu11;
				GCC_DYNAMIC_NO_PIC = NO;
				GCC_NO_COMMON_BLOCKS = YES;
				GCC_OPTIMIZATION_LEVEL = 0;
				GCC_PREPROCESSOR_DEFINITIONS = (
					"DEBUG=1",
					"$(inherited)",
				);
				GCC_WARN_64_TO_32_BIT_CONVERSION = YES;
				GCC_WARN_ABOUT_RETURN_TYPE = YES_ERROR;
				GCC_WARN_UNDECLARED_SELECTOR = YES;
				GCC_WARN_UNINITIALIZED_AUTOS = YES_AGGRESSIVE;
				GCC_WARN_UNUSED_FUNCTION = YES;
				GCC_WARN_UNUSED_VARIABLE = YES;
				IPHONEOS_DEPLOYMENT_TARGET = 13.2;
				MTL_ENABLE_DEBUG_INFO = INCLUDE_SOURCE;
				MTL_FAST_MATH = YES;
				ONLY_ACTIVE_ARCH = YES;
				SDKROOT = iphoneos;
				SWIFT_ACTIVE_COMPILATION_CONDITIONS = DEBUG;
				SWIFT_OPTIMIZATION_LEVEL = "-Onone";
			};
			name = Debug;
		};
		91D464252376574900173DB5 /* Release */ = {
			isa = XCBuildConfiguration;
			buildSettings = {
				ALWAYS_SEARCH_USER_PATHS = NO;
				CLANG_ANALYZER_NONNULL = YES;
				CLANG_ANALYZER_NUMBER_OBJECT_CONVERSION = YES_AGGRESSIVE;
				CLANG_CXX_LANGUAGE_STANDARD = "gnu++14";
				CLANG_CXX_LIBRARY = "libc++";
				CLANG_ENABLE_MODULES = YES;
				CLANG_ENABLE_OBJC_ARC = YES;
				CLANG_ENABLE_OBJC_WEAK = YES;
				CLANG_WARN_BLOCK_CAPTURE_AUTORELEASING = YES;
				CLANG_WARN_BOOL_CONVERSION = YES;
				CLANG_WARN_COMMA = YES;
				CLANG_WARN_CONSTANT_CONVERSION = YES;
				CLANG_WARN_DEPRECATED_OBJC_IMPLEMENTATIONS = YES;
				CLANG_WARN_DIRECT_OBJC_ISA_USAGE = YES_ERROR;
				CLANG_WARN_DOCUMENTATION_COMMENTS = YES;
				CLANG_WARN_EMPTY_BODY = YES;
				CLANG_WARN_ENUM_CONVERSION = YES;
				CLANG_WARN_INFINITE_RECURSION = YES;
				CLANG_WARN_INT_CONVERSION = YES;
				CLANG_WARN_NON_LITERAL_NULL_CONVERSION = YES;
				CLANG_WARN_OBJC_IMPLICIT_RETAIN_SELF = YES;
				CLANG_WARN_OBJC_LITERAL_CONVERSION = YES;
				CLANG_WARN_OBJC_ROOT_CLASS = YES_ERROR;
				CLANG_WARN_RANGE_LOOP_ANALYSIS = YES;
				CLANG_WARN_STRICT_PROTOTYPES = YES;
				CLANG_WARN_SUSPICIOUS_MOVE = YES;
				CLANG_WARN_UNGUARDED_AVAILABILITY = YES_AGGRESSIVE;
				CLANG_WARN_UNREACHABLE_CODE = YES;
				CLANG_WARN__DUPLICATE_METHOD_MATCH = YES;
				COPY_PHASE_STRIP = NO;
				DEBUG_INFORMATION_FORMAT = "dwarf-with-dsym";
				ENABLE_NS_ASSERTIONS = NO;
				ENABLE_STRICT_OBJC_MSGSEND = YES;
				GCC_C_LANGUAGE_STANDARD = gnu11;
				GCC_NO_COMMON_BLOCKS = YES;
				GCC_WARN_64_TO_32_BIT_CONVERSION = YES;
				GCC_WARN_ABOUT_RETURN_TYPE = YES_ERROR;
				GCC_WARN_UNDECLARED_SELECTOR = YES;
				GCC_WARN_UNINITIALIZED_AUTOS = YES_AGGRESSIVE;
				GCC_WARN_UNUSED_FUNCTION = YES;
				GCC_WARN_UNUSED_VARIABLE = YES;
				IPHONEOS_DEPLOYMENT_TARGET = 13.2;
				MTL_ENABLE_DEBUG_INFO = NO;
				MTL_FAST_MATH = YES;
				SDKROOT = iphoneos;
				SWIFT_COMPILATION_MODE = wholemodule;
				SWIFT_OPTIMIZATION_LEVEL = "-O";
				VALIDATE_PRODUCT = YES;
			};
			name = Release;
		};
		91D464272376574900173DB5 /* Debug */ = {
			isa = XCBuildConfiguration;
			buildSettings = {
				ASSETCATALOG_COMPILER_APPICON_NAME = AppIcon;
				CODE_SIGN_STYLE = Automatic;
				DEVELOPMENT_TEAM = BZ35WMQUMM;
				INFOPLIST_FILE = Pokedex/Info.plist;
				LD_RUNPATH_SEARCH_PATHS = (
					"$(inherited)",
					"@executable_path/Frameworks",
				);
				PRODUCT_BUNDLE_IDENTIFIER = LambdaSchoolProject.Pokedex;
				PRODUCT_NAME = "$(TARGET_NAME)";
				SWIFT_VERSION = 5.0;
				TARGETED_DEVICE_FAMILY = "1,2";
			};
			name = Debug;
		};
		91D464282376574900173DB5 /* Release */ = {
			isa = XCBuildConfiguration;
			buildSettings = {
				ASSETCATALOG_COMPILER_APPICON_NAME = AppIcon;
				CODE_SIGN_STYLE = Automatic;
				DEVELOPMENT_TEAM = BZ35WMQUMM;
				INFOPLIST_FILE = Pokedex/Info.plist;
				LD_RUNPATH_SEARCH_PATHS = (
					"$(inherited)",
					"@executable_path/Frameworks",
				);
				PRODUCT_BUNDLE_IDENTIFIER = LambdaSchoolProject.Pokedex;
				PRODUCT_NAME = "$(TARGET_NAME)";
				SWIFT_VERSION = 5.0;
				TARGETED_DEVICE_FAMILY = "1,2";
			};
			name = Release;
		};
/* End XCBuildConfiguration section */

/* Begin XCConfigurationList section */
		91D4640D2376574700173DB5 /* Build configuration list for PBXProject "Pokedex" */ = {
			isa = XCConfigurationList;
			buildConfigurations = (
				91D464242376574900173DB5 /* Debug */,
				91D464252376574900173DB5 /* Release */,
			);
			defaultConfigurationIsVisible = 0;
			defaultConfigurationName = Release;
		};
		91D464262376574900173DB5 /* Build configuration list for PBXNativeTarget "Pokedex" */ = {
			isa = XCConfigurationList;
			buildConfigurations = (
				91D464272376574900173DB5 /* Debug */,
				91D464282376574900173DB5 /* Release */,
			);
			defaultConfigurationIsVisible = 0;
			defaultConfigurationName = Release;
		};
/* End XCConfigurationList section */
	};
	rootObject = 91D4640A2376574700173DB5 /* Project object */;
}
